
Microsoft Visual Studio Solution File, Format Version 12.00
# Visual Studio Version 17
VisualStudioVersion = 17.4.33213.308
MinimumVisualStudioVersion = 10.0.40219.1
Project("{FAE04EC0-301F-11D3-BF4B-00C04F79EFBC}") = "observerGui", "observerGui\observerGui.csproj", "{57D10A98-7409-47AA-9879-D3A996A73D2D}"
EndProject
Project("{9A19103F-16F7-4668-BE54-9A1E7A4F7556}") = "WeatherApp", "..\WheatherApp\WheatherApp\WeatherApp.csproj", "{777D25AF-55B7-4E88-A703-1C3644C28DA9}"
EndProject
Global
	GlobalSection(SolutionConfigurationPlatforms) = preSolution
		Debug|Any CPU = Debug|Any CPU
		Release|Any CPU = Release|Any CPU
	EndGlobalSection
	GlobalSection(ProjectConfigurationPlatforms) = postSolution
		{57D10A98-7409-47AA-9879-D3A996A73D2D}.Debug|Any CPU.ActiveCfg = Debug|Any CPU
		{57D10A98-7409-47AA-9879-D3A996A73D2D}.Debug|Any CPU.Build.0 = Debug|Any CPU
		{57D10A98-7409-47AA-9879-D3A996A73D2D}.Release|Any CPU.ActiveCfg = Release|Any CPU
		{57D10A98-7409-47AA-9879-D3A996A73D2D}.Release|Any CPU.Build.0 = Release|Any CPU
		{777D25AF-55B7-4E88-A703-1C3644C28DA9}.Debug|Any CPU.ActiveCfg = Debug|Any CPU
		{777D25AF-55B7-4E88-A703-1C3644C28DA9}.Debug|Any CPU.Build.0 = Debug|Any CPU
		{777D25AF-55B7-4E88-A703-1C3644C28DA9}.Release|Any CPU.ActiveCfg = Release|Any CPU
		{777D25AF-55B7-4E88-A703-1C3644C28DA9}.Release|Any CPU.Build.0 = Release|Any CPU
	EndGlobalSection
	GlobalSection(SolutionProperties) = preSolution
		HideSolutionNode = FALSE
	EndGlobalSection
	GlobalSection(ExtensibilityGlobals) = postSolution
		SolutionGuid = {C1933464-F60B-458A-9485-83FBE14AB256}
	EndGlobalSection
EndGlobal
